{
    "name": "@well_haha/weicli",
    "version": "1.0.0",
    "lockfileVersion": 2,
    "requires": true,
    "packages": {
        "": {
            "name": "@well_haha/weicli",
            "version": "1.0.0",
            "license": "ISC",
            "bin": {
                "weicli": "bin/index.js"
            }
        }
    }
}
